
Microsoft Visual Studio Solution File, Format Version 12.00
# Visual Studio Version 16
VisualStudioVersion = 16.0.28803.156
MinimumVisualStudioVersion = 10.0.40219.1
Project("{FAE04EC0-301F-11D3-BF4B-00C04F79EFBC}") = "MiddleWebApi", "MiddleWebApi\MiddleWebApi.csproj", "{143D013F-87E4-4EA7-9211-833E13D3C399}"
EndProject
Global
	GlobalSection(SolutionConfigurationPlatforms) = preSolution
		Debug|Any CPU = Debug|Any CPU
		Release|Any CPU = Release|Any CPU
	EndGlobalSection
	GlobalSection(ProjectConfigurationPlatforms) = postSolution
		{143D013F-87E4-4EA7-9211-833E13D3C399}.Debug|Any CPU.ActiveCfg = Debug|Any CPU
		{143D013F-87E4-4EA7-9211-833E13D3C399}.Debug|Any CPU.Build.0 = Debug|Any CPU
		{143D013F-87E4-4EA7-9211-833E13D3C399}.Release|Any CPU.ActiveCfg = Release|Any CPU
		{143D013F-87E4-4EA7-9211-833E13D3C399}.Release|Any CPU.Build.0 = Release|Any CPU
	EndGlobalSection
	GlobalSection(SolutionProperties) = preSolution
		HideSolutionNode = FALSE
	EndGlobalSection
	GlobalSection(ExtensibilityGlobals) = postSolution
		SolutionGuid = {0D593759-616B-4459-9B47-358BCCAF2F69}
	EndGlobalSection
EndGlobal
